
Microsoft Visual Studio Solution File, Format Version 12.00
# Visual Studio Version 17
VisualStudioVersion = 17.0.31903.59
MinimumVisualStudioVersion = 10.0.40219.1
Project("{2150E333-8FDC-42A3-9474-1A3956D46DE8}") = "API", "API", "{D82C56D6-B2CD-F611-9E31-04638F7EC30E}"
EndProject
Project("{FAE04EC0-301F-11D3-BF4B-00C04F79EFBC}") = "BDIP.API", "API\BDIP.API.csproj", "{BD0481AB-F084-4766-9624-835B42007922}"
EndProject
Project("{FAE04EC0-301F-11D3-BF4B-00C04F79EFBC}") = "BDIP.Application", "Application\BDIP.Application.csproj", "{A4AEE2FC-781A-4D13-AFDE-03BABA756ACC}"
EndProject
Project("{FAE04EC0-301F-11D3-BF4B-00C04F79EFBC}") = "BDIP.Contracts", "Contracts\BDIP.Contracts.csproj", "{310505C4-3449-4E94-B95B-0CEE2A17D0A0}"
EndProject
Project("{FAE04EC0-301F-11D3-BF4B-00C04F79EFBC}") = "BDIP.Domain", "Domain\BDIP.Domain.csproj", "{A50AD498-F9E5-40F0-8658-6DFD09A4787D}"
EndProject
Project("{FAE04EC0-301F-11D3-BF4B-00C04F79EFBC}") = "BDIP.Infrastructure", "Infrastructure\BDIP.Infrastructure.csproj", "{2BA16235-4436-4F60-BDED-47303E60867E}"
EndProject
Project("{FAE04EC0-301F-11D3-BF4B-00C04F79EFBC}") = "BDIP.Persistence", "Persistence\BDIP.Persistence.csproj", "{3BABACA7-A613-4B77-9D9A-4306ED779A06}"
EndProject
Global
	GlobalSection(SolutionConfigurationPlatforms) = preSolution
		Debug|Any CPU = Debug|Any CPU
		Debug|x64 = Debug|x64
		Debug|x86 = Debug|x86
		Release|Any CPU = Release|Any CPU
		Release|x64 = Release|x64
		Release|x86 = Release|x86
	EndGlobalSection
	GlobalSection(ProjectConfigurationPlatforms) = postSolution
		{BD0481AB-F084-4766-9624-835B42007922}.Debug|Any CPU.ActiveCfg = Debug|Any CPU
		{BD0481AB-F084-4766-9624-835B42007922}.Debug|Any CPU.Build.0 = Debug|Any CPU
		{BD0481AB-F084-4766-9624-835B42007922}.Debug|x64.ActiveCfg = Debug|Any CPU
		{BD0481AB-F084-4766-9624-835B42007922}.Debug|x64.Build.0 = Debug|Any CPU
		{BD0481AB-F084-4766-9624-835B42007922}.Debug|x86.ActiveCfg = Debug|Any CPU
		{BD0481AB-F084-4766-9624-835B42007922}.Debug|x86.Build.0 = Debug|Any CPU
		{BD0481AB-F084-4766-9624-835B42007922}.Release|Any CPU.ActiveCfg = Release|Any CPU
		{BD0481AB-F084-4766-9624-835B42007922}.Release|Any CPU.Build.0 = Release|Any CPU
		{BD0481AB-F084-4766-9624-835B42007922}.Release|x64.ActiveCfg = Release|Any CPU
		{BD0481AB-F084-4766-9624-835B42007922}.Release|x64.Build.0 = Release|Any CPU
		{BD0481AB-F084-4766-9624-835B42007922}.Release|x86.ActiveCfg = Release|Any CPU
		{BD0481AB-F084-4766-9624-835B42007922}.Release|x86.Build.0 = Release|Any CPU
		{A4AEE2FC-781A-4D13-AFDE-03BABA756ACC}.Debug|Any CPU.ActiveCfg = Debug|Any CPU
		{A4AEE2FC-781A-4D13-AFDE-03BABA756ACC}.Debug|Any CPU.Build.0 = Debug|Any CPU
		{A4AEE2FC-781A-4D13-AFDE-03BABA756ACC}.Debug|x64.ActiveCfg = Debug|Any CPU
		{A4AEE2FC-781A-4D13-AFDE-03BABA756ACC}.Debug|x64.Build.0 = Debug|Any CPU
		{A4AEE2FC-781A-4D13-AFDE-03BABA756ACC}.Debug|x86.ActiveCfg = Debug|Any CPU
		{A4AEE2FC-781A-4D13-AFDE-03BABA756ACC}.Debug|x86.Build.0 = Debug|Any CPU
		{A4AEE2FC-781A-4D13-AFDE-03BABA756ACC}.Release|Any CPU.ActiveCfg = Release|Any CPU
		{A4AEE2FC-781A-4D13-AFDE-03BABA756ACC}.Release|Any CPU.Build.0 = Release|Any CPU
		{A4AEE2FC-781A-4D13-AFDE-03BABA756ACC}.Release|x64.ActiveCfg = Release|Any CPU
		{A4AEE2FC-781A-4D13-AFDE-03BABA756ACC}.Release|x64.Build.0 = Release|Any CPU
		{A4AEE2FC-781A-4D13-AFDE-03BABA756ACC}.Release|x86.ActiveCfg = Release|Any CPU
		{A4AEE2FC-781A-4D13-AFDE-03BABA756ACC}.Release|x86.Build.0 = Release|Any CPU
		{310505C4-3449-4E94-B95B-0CEE2A17D0A0}.Debug|Any CPU.ActiveCfg = Debug|Any CPU
		{310505C4-3449-4E94-B95B-0CEE2A17D0A0}.Debug|Any CPU.Build.0 = Debug|Any CPU
		{310505C4-3449-4E94-B95B-0CEE2A17D0A0}.Debug|x64.ActiveCfg = Debug|Any CPU
		{310505C4-3449-4E94-B95B-0CEE2A17D0A0}.Debug|x64.Build.0 = Debug|Any CPU
		{310505C4-3449-4E94-B95B-0CEE2A17D0A0}.Debug|x86.ActiveCfg = Debug|Any CPU
		{310505C4-3449-4E94-B95B-0CEE2A17D0A0}.Debug|x86.Build.0 = Debug|Any CPU
		{310505C4-3449-4E94-B95B-0CEE2A17D0A0}.Release|Any CPU.ActiveCfg = Release|Any CPU
		{310505C4-3449-4E94-B95B-0CEE2A17D0A0}.Release|Any CPU.Build.0 = Release|Any CPU
		{310505C4-3449-4E94-B95B-0CEE2A17D0A0}.Release|x64.ActiveCfg = Release|Any CPU
		{310505C4-3449-4E94-B95B-0CEE2A17D0A0}.Release|x64.Build.0 = Release|Any CPU
		{310505C4-3449-4E94-B95B-0CEE2A17D0A0}.Release|x86.ActiveCfg = Release|Any CPU
		{310505C4-3449-4E94-B95B-0CEE2A17D0A0}.Release|x86.Build.0 = Release|Any CPU
		{A50AD498-F9E5-40F0-8658-6DFD09A4787D}.Debug|Any CPU.ActiveCfg = Debug|Any CPU
		{A50AD498-F9E5-40F0-8658-6DFD09A4787D}.Debug|Any CPU.Build.0 = Debug|Any CPU
		{A50AD498-F9E5-40F0-8658-6DFD09A4787D}.Debug|x64.ActiveCfg = Debug|Any CPU
		{A50AD498-F9E5-40F0-8658-6DFD09A4787D}.Debug|x64.Build.0 = Debug|Any CPU
		{A50AD498-F9E5-40F0-8658-6DFD09A4787D}.Debug|x86.ActiveCfg = Debug|Any CPU
		{A50AD498-F9E5-40F0-8658-6DFD09A4787D}.Debug|x86.Build.0 = Debug|Any CPU
		{A50AD498-F9E5-40F0-8658-6DFD09A4787D}.Release|Any CPU.ActiveCfg = Release|Any CPU
		{A50AD498-F9E5-40F0-8658-6DFD09A4787D}.Release|Any CPU.Build.0 = Release|Any CPU
		{A50AD498-F9E5-40F0-8658-6DFD09A4787D}.Release|x64.ActiveCfg = Release|Any CPU
		{A50AD498-F9E5-40F0-8658-6DFD09A4787D}.Release|x64.Build.0 = Release|Any CPU
		{A50AD498-F9E5-40F0-8658-6DFD09A4787D}.Release|x86.ActiveCfg = Release|Any CPU
		{A50AD498-F9E5-40F0-8658-6DFD09A4787D}.Release|x86.Build.0 = Release|Any CPU
		{2BA16235-4436-4F60-BDED-47303E60867E}.Debug|Any CPU.ActiveCfg = Debug|Any CPU
		{2BA16235-4436-4F60-BDED-47303E60867E}.Debug|Any CPU.Build.0 = Debug|Any CPU
		{2BA16235-4436-4F60-BDED-47303E60867E}.Debug|x64.ActiveCfg = Debug|Any CPU
		{2BA16235-4436-4F60-BDED-47303E60867E}.Debug|x64.Build.0 = Debug|Any CPU
		{2BA16235-4436-4F60-BDED-47303E60867E}.Debug|x86.ActiveCfg = Debug|Any CPU
		{2BA16235-4436-4F60-BDED-47303E60867E}.Debug|x86.Build.0 = Debug|Any CPU
		{2BA16235-4436-4F60-BDED-47303E60867E}.Release|Any CPU.ActiveCfg = Release|Any CPU
		{2BA16235-4436-4F60-BDED-47303E60867E}.Release|Any CPU.Build.0 = Release|Any CPU
		{2BA16235-4436-4F60-BDED-47303E60867E}.Release|x64.ActiveCfg = Release|Any CPU
		{2BA16235-4436-4F60-BDED-47303E60867E}.Release|x64.Build.0 = Release|Any CPU
		{2BA16235-4436-4F60-BDED-47303E60867E}.Release|x86.ActiveCfg = Release|Any CPU
		{2BA16235-4436-4F60-BDED-47303E60867E}.Release|x86.Build.0 = Release|Any CPU
		{3BABACA7-A613-4B77-9D9A-4306ED779A06}.Debug|Any CPU.ActiveCfg = Debug|Any CPU
		{3BABACA7-A613-4B77-9D9A-4306ED779A06}.Debug|Any CPU.Build.0 = Debug|Any CPU
		{3BABACA7-A613-4B77-9D9A-4306ED779A06}.Debug|x64.ActiveCfg = Debug|Any CPU
		{3BABACA7-A613-4B77-9D9A-4306ED779A06}.Debug|x64.Build.0 = Debug|Any CPU
		{3BABACA7-A613-4B77-9D9A-4306ED779A06}.Debug|x86.ActiveCfg = Debug|Any CPU
		{3BABACA7-A613-4B77-9D9A-4306ED779A06}.Debug|x86.Build.0 = Debug|Any CPU
		{3BABACA7-A613-4B77-9D9A-4306ED779A06}.Release|Any CPU.ActiveCfg = Release|Any CPU
		{3BABACA7-A613-4B77-9D9A-4306ED779A06}.Release|Any CPU.Build.0 = Release|Any CPU
		{3BABACA7-A613-4B77-9D9A-4306ED779A06}.Release|x64.ActiveCfg = Release|Any CPU
		{3BABACA7-A613-4B77-9D9A-4306ED779A06}.Release|x64.Build.0 = Release|Any CPU
		{3BABACA7-A613-4B77-9D9A-4306ED779A06}.Release|x86.ActiveCfg = Release|Any CPU
		{3BABACA7-A613-4B77-9D9A-4306ED779A06}.Release|x86.Build.0 = Release|Any CPU
	EndGlobalSection
	GlobalSection(SolutionProperties) = preSolution
		HideSolutionNode = FALSE
	EndGlobalSection
	GlobalSection(NestedProjects) = preSolution
		{BD0481AB-F084-4766-9624-835B42007922} = {D82C56D6-B2CD-F611-9E31-04638F7EC30E}
		{A4AEE2FC-781A-4D13-AFDE-03BABA756ACC} = {D82C56D6-B2CD-F611-9E31-04638F7EC30E}
		{310505C4-3449-4E94-B95B-0CEE2A17D0A0} = {D82C56D6-B2CD-F611-9E31-04638F7EC30E}
		{A50AD498-F9E5-40F0-8658-6DFD09A4787D} = {D82C56D6-B2CD-F611-9E31-04638F7EC30E}
		{2BA16235-4436-4F60-BDED-47303E60867E} = {D82C56D6-B2CD-F611-9E31-04638F7EC30E}
		{3BABACA7-A613-4B77-9D9A-4306ED779A06} = {D82C56D6-B2CD-F611-9E31-04638F7EC30E}
	EndGlobalSection
EndGlobal
